
Microsoft Visual Studio Solution File, Format Version 12.00
# Visual Studio Version 17
VisualStudioVersion = 17.8.34330.188
MinimumVisualStudioVersion = 10.0.40219.1
Project("{9A19103F-16F7-4668-BE54-9A1E7A4F7556}") = "Decode.PackagesApi.Distributor", "Decode.PackagesApi.Distributor\Decode.PackagesApi.Distributor.csproj", "{EC6746E5-B0F8-42F0-9B83-F1A3FB48042B}"
EndProject
Project("{2150E333-8FDC-42A3-9474-1A3956D46DE8}") = ".nuget", ".nuget", "{3C5BFBD9-BCBE-42C7-8A31-EDA10B1A7DEB}"
	ProjectSection(SolutionItems) = preProject
		nuget.config = nuget.config
	EndProjectSection
EndProject
Global
	GlobalSection(SolutionConfigurationPlatforms) = preSolution
		Debug|Any CPU = Debug|Any CPU
		Release|Any CPU = Release|Any CPU
	EndGlobalSection
	GlobalSection(ProjectConfigurationPlatforms) = postSolution
		{EC6746E5-B0F8-42F0-9B83-F1A3FB48042B}.Debug|Any CPU.ActiveCfg = Debug|Any CPU
		{EC6746E5-B0F8-42F0-9B83-F1A3FB48042B}.Debug|Any CPU.Build.0 = Debug|Any CPU
		{EC6746E5-B0F8-42F0-9B83-F1A3FB48042B}.Release|Any CPU.ActiveCfg = Release|Any CPU
		{EC6746E5-B0F8-42F0-9B83-F1A3FB48042B}.Release|Any CPU.Build.0 = Release|Any CPU
	EndGlobalSection
	GlobalSection(SolutionProperties) = preSolution
		HideSolutionNode = FALSE
	EndGlobalSection
	GlobalSection(ExtensibilityGlobals) = postSolution
		SolutionGuid = {3FF814D4-D797-4C81-98BD-0D0938A839B5}
	EndGlobalSection
EndGlobal
